// !$*UTF8*$!
{
	archiveVersion = 1;
	classes = {
	};
	objectVersion = 50;
	objects = {

/* Begin PBXBuildFile section */
		EC5343BB22DD70D00085A939 /* AppDelegate.swift in Sources */ = {isa = PBXBuildFile; fileRef = EC5343BA22DD70D00085A939 /* AppDelegate.swift */; };
		EC5343BD22DD70D00085A939 /* ViewController.swift in Sources */ = {isa = PBXBuildFile; fileRef = EC5343BC22DD70D00085A939 /* ViewController.swift */; };
		EC5343C022DD70D00085A939 /* Main.storyboard in Resources */ = {isa = PBXBuildFile; fileRef = EC5343BE22DD70D00085A939 /* Main.storyboard */; };
		EC5343C222DD70D20085A939 /* Assets.xcassets in Resources */ = {isa = PBXBuildFile; fileRef = EC5343C122DD70D20085A939 /* Assets.xcassets */; };
		EC5343C522DD70D20085A939 /* LaunchScreen.storyboard in Resources */ = {isa = PBXBuildFile; fileRef = EC5343C322DD70D20085A939 /* LaunchScreen.storyboard */; };
		EC5343D022DD70D20085A939 /* LightTests.swift in Sources */ = {isa = PBXBuildFile; fileRef = EC5343CF22DD70D20085A939 /* LightTests.swift */; };
		EC5343DB22DD70D20085A939 /* LightUITests.swift in Sources */ = {isa = PBXBuildFile; fileRef = EC5343DA22DD70D20085A939 /* LightUITests.swift */; };
		EC5343EB22DD969F0085A939 /* SignInViewController.swift in Sources */ = {isa = PBXBuildFile; fileRef = EC5343EA22DD969F0085A939 /* SignInViewController.swift */; };
/* End PBXBuildFile section */

/* Begin PBXContainerItemProxy section */
		EC5343CC22DD70D20085A939 /* PBXContainerItemProxy */ = {
			isa = PBXContainerItemProxy;
			containerPortal = EC5343AF22DD70D00085A939 /* Project object */;
			proxyType = 1;
			remoteGlobalIDString = EC5343B622DD70D00085A939;
			remoteInfo = Light;
		};
		EC5343D722DD70D20085A939 /* PBXContainerItemProxy */ = {
			isa = PBXContainerItemProxy;
			containerPortal = EC5343AF22DD70D00085A939 /* Project object */;
			proxyType = 1;
			remoteGlobalIDString = EC5343B622DD70D00085A939;
			remoteInfo = Light;
		};
/* End PBXContainerItemProxy section */

/* Begin PBXFileReference section */
		EC5343B722DD70D00085A939 /* Light.app */ = {isa = PBXFileReference; explicitFileType = wrapper.application; includeInIndex = 0; path = Light.app; sourceTree = BUILT_PRODUCTS_DIR; };
		EC5343BA22DD70D00085A939 /* AppDelegate.swift */ = {isa = PBXFileReference; lastKnownFileType = sourcecode.swift; path = AppDelegate.swift; sourceTree = "<group>"; };
		EC5343BC22DD70D00085A939 /* ViewController.swift */ = {isa = PBXFileReference; lastKnownFileType = sourcecode.swift; path = ViewController.swift; sourceTree = "<group>"; };
		EC5343BF22DD70D00085A939 /* Base */ = {isa = PBXFileReference; lastKnownFileType = file.storyboard; name = Base; path = Base.lproj/Main.storyboard; sourceTree = "<group>"; };
		EC5343C122DD70D20085A939 /* Assets.xcassets */ = {isa = PBXFileReference; lastKnownFileType = folder.assetcatalog; path = Assets.xcassets; sourceTree = "<group>"; };
		EC5343C422DD70D20085A939 /* Base */ = {isa = PBXFileReference; lastKnownFileType = file.storyboard; name = Base; path = Base.lproj/LaunchScreen.storyboard; sourceTree = "<group>"; };
		EC5343C622DD70D20085A939 /* Info.plist */ = {isa = PBXFileReference; lastKnownFileType = text.plist.xml; path = Info.plist; sourceTree = "<group>"; };
		EC5343CB22DD70D20085A939 /* LightTests.xctest */ = {isa = PBXFileReference; explicitFileType = wrapper.cfbundle; includeInIndex = 0; path = LightTests.xctest; sourceTree = BUILT_PRODUCTS_DIR; };
		EC5343CF22DD70D20085A939 /* LightTests.swift */ = {isa = PBXFileReference; lastKnownFileType = sourcecode.swift; path = LightTests.swift; sourceTree = "<group>"; };
		EC5343D122DD70D20085A939 /* Info.plist */ = {isa = PBXFileReference; lastKnownFileType = text.plist.xml; path = Info.plist; sourceTree = "<group>"; };
		EC5343D622DD70D20085A939 /* LightUITests.xctest */ = {isa = PBXFileReference; explicitFileType = wrapper.cfbundle; includeInIndex = 0; path = LightUITests.xctest; sourceTree = BUILT_PRODUCTS_DIR; };
		EC5343DA22DD70D20085A939 /* LightUITests.swift */ = {isa = PBXFileReference; lastKnownFileType = sourcecode.swift; path = LightUITests.swift; sourceTree = "<group>"; };
		EC5343DC22DD70D20085A939 /* Info.plist */ = {isa = PBXFileReference; lastKnownFileType = text.plist.xml; path = Info.plist; sourceTree = "<group>"; };
		EC5343EA22DD969F0085A939 /* SignInViewController.swift */ = {isa = PBXFileReference; lastKnownFileType = sourcecode.swift; name = SignInViewController.swift; path = ../SignInViewController.swift; sourceTree = "<group>"; };
/* End PBXFileReference section */

/* Begin PBXFrameworksBuildPhase section */
		EC5343B422DD70D00085A939 /* Frameworks */ = {
			isa = PBXFrameworksBuildPhase;
			buildActionMask = 2147483647;
			files = (
			);
			runOnlyForDeploymentPostprocessing = 0;
		};
		EC5343C822DD70D20085A939 /* Frameworks */ = {
			isa = PBXFrameworksBuildPhase;
			buildActionMask = 2147483647;
			files = (
			);
			runOnlyForDeploymentPostprocessing = 0;
		};
		EC5343D322DD70D20085A939 /* Frameworks */ = {
			isa = PBXFrameworksBuildPhase;
			buildActionMask = 2147483647;
			files = (
			);
			runOnlyForDeploymentPostprocessing = 0;
		};
/* End PBXFrameworksBuildPhase section */

/* Begin PBXGroup section */
		EC5343AE22DD70D00085A939 = {
			isa = PBXGroup;
			children = (
				EC5343B922DD70D00085A939 /* Light */,
				EC5343CE22DD70D20085A939 /* LightTests */,
				EC5343D922DD70D20085A939 /* LightUITests */,
				EC5343B822DD70D00085A939 /* Products */,
			);
			sourceTree = "<group>";
		};
		EC5343B822DD70D00085A939 /* Products */ = {
			isa = PBXGroup;
			children = (
				EC5343B722DD70D00085A939 /* Light.app */,
				EC5343CB22DD70D20085A939 /* LightTests.xctest */,
				EC5343D622DD70D20085A939 /* LightUITests.xctest */,
			);
			name = Products;
			sourceTree = "<group>";
		};
		EC5343B922DD70D00085A939 /* Light */ = {
			isa = PBXGroup;
			children = (
				EC5343BA22DD70D00085A939 /* AppDelegate.swift */,
				EC5343BC22DD70D00085A939 /* ViewController.swift */,
				EC5343BE22DD70D00085A939 /* Main.storyboard */,
				EC5343C122DD70D20085A939 /* Assets.xcassets */,
				EC5343C322DD70D20085A939 /* LaunchScreen.storyboard */,
				EC5343C622DD70D20085A939 /* Info.plist */,
				EC5343EA22DD969F0085A939 /* SignInViewController.swift */,
			);
			path = Light;
			sourceTree = "<group>";
		};
		EC5343CE22DD70D20085A939 /* LightTests */ = {
			isa = PBXGroup;
			children = (
				EC5343CF22DD70D20085A939 /* LightTests.swift */,
				EC5343D122DD70D20085A939 /* Info.plist */,
			);
			path = LightTests;
			sourceTree = "<group>";
		};
		EC5343D922DD70D20085A939 /* LightUITests */ = {
			isa = PBXGroup;
			children = (
				EC5343DA22DD70D20085A939 /* LightUITests.swift */,
				EC5343DC22DD70D20085A939 /* Info.plist */,
			);
			path = LightUITests;
			sourceTree = "<group>";
		};
/* End PBXGroup section */

/* Begin PBXNativeTarget section */
		EC5343B622DD70D00085A939 /* Light */ = {
			isa = PBXNativeTarget;
			buildConfigurationList = EC5343DF22DD70D20085A939 /* Build configuration list for PBXNativeTarget "Light" */;
			buildPhases = (
				EC5343B322DD70D00085A939 /* Sources */,
				EC5343B422DD70D00085A939 /* Frameworks */,
				EC5343B522DD70D00085A939 /* Resources */,
			);
			buildRules = (
			);
			dependencies = (
			);
			name = Light;
			productName = Light;
			productReference = EC5343B722DD70D00085A939 /* Light.app */;
			productType = "com.apple.product-type.application";
		};
		EC5343CA22DD70D20085A939 /* LightTests */ = {
			isa = PBXNativeTarget;
			buildConfigurationList = EC5343E222DD70D20085A939 /* Build configuration list for PBXNativeTarget "LightTests" */;
			buildPhases = (
				EC5343C722DD70D20085A939 /* Sources */,
				EC5343C822DD70D20085A939 /* Frameworks */,
				EC5343C922DD70D20085A939 /* Resources */,
			);
			buildRules = (
			);
			dependencies = (
				EC5343CD22DD70D20085A939 /* PBXTargetDependency */,
			);
			name = LightTests;
			productName = LightTests;
			productReference = EC5343CB22DD70D20085A939 /* LightTests.xctest */;
			productType = "com.apple.product-type.bundle.unit-test";
		};
		EC5343D522DD70D20085A939 /* LightUITests */ = {
			isa = PBXNativeTarget;
			buildConfigurationList = EC5343E522DD70D20085A939 /* Build configuration list for PBXNativeTarget "LightUITests" */;
			buildPhases = (
				EC5343D222DD70D20085A939 /* Sources */,
				EC5343D322DD70D20085A939 /* Frameworks */,
				EC5343D422DD70D20085A939 /* Resources */,
			);
			buildRules = (
			);
			dependencies = (
				EC5343D822DD70D20085A939 /* PBXTargetDependency */,
			);
			name = LightUITests;
			productName = LightUITests;
			productReference = EC5343D622DD70D20085A939 /* LightUITests.xctest */;
			productType = "com.apple.product-type.bundle.ui-testing";
		};
/* End PBXNativeTarget section */

/* Begin PBXProject section */
		EC5343AF22DD70D00085A939 /* Project object */ = {
			isa = PBXProject;
			attributes = {
				LastSwiftUpdateCheck = 1020;
				LastUpgradeCheck = 1020;
				ORGANIZATIONNAME = "Kemar Galloway";
				TargetAttributes = {
					EC5343B622DD70D00085A939 = {
						CreatedOnToolsVersion = 10.2.1;
					};
					EC5343CA22DD70D20085A939 = {
						CreatedOnToolsVersion = 10.2.1;
						TestTargetID = EC5343B622DD70D00085A939;
					};
					EC5343D522DD70D20085A939 = {
						CreatedOnToolsVersion = 10.2.1;
						TestTargetID = EC5343B622DD70D00085A939;
					};
				};
			};
			buildConfigurationList = EC5343B222DD70D00085A939 /* Build configuration list for PBXProject "Light" */;
			compatibilityVersion = "Xcode 9.3";
			developmentRegion = en;
			hasScannedForEncodings = 0;
			knownRegions = (
				en,
				Base,
			);
			mainGroup = EC5343AE22DD70D00085A939;
			productRefGroup = EC5343B822DD70D00085A939 /* Products */;
			projectDirPath = "";
			projectRoot = "";
			targets = (
				EC5343B622DD70D00085A939 /* Light */,
				EC5343CA22DD70D20085A939 /* LightTests */,
				EC5343D522DD70D20085A939 /* LightUITests */,
			);
		};
/* End PBXProject section */

/* Begin PBXResourcesBuildPhase section */
		EC5343B522DD70D00085A939 /* Resources */ = {
			isa = PBXResourcesBuildPhase;
			buildActionMask = 2147483647;
			files = (
				EC5343C522DD70D20085A939 /* LaunchScreen.storyboard in Resources */,
				EC5343C222DD70D20085A939 /* Assets.xcassets in Resources */,
				EC5343C022DD70D00085A939 /* Main.storyboard in Resources */,
			);
			runOnlyForDeploymentPostprocessing = 0;
		};
		EC5343C922DD70D20085A939 /* Resources */ = {
			isa = PBXResourcesBuildPhase;
			buildActionMask = 2147483647;
			files = (
			);
			runOnlyForDeploymentPostprocessing = 0;
		};
		EC5343D422DD70D20085A939 /* Resources */ = {
			isa = PBXResourcesBuildPhase;
			buildActionMask = 2147483647;
			files = (
			);
			runOnlyForDeploymentPostprocessing = 0;
		};
/* End PBXResourcesBuildPhase section */

/* Begin PBXSourcesBuildPhase section */
		EC5343B322DD70D00085A939 /* Sources */ = {
			isa = PBXSourcesBuildPhase;
			buildActionMask = 2147483647;
			files = (
				EC5343EB22DD969F0085A939 /* SignInViewController.swift in Sources */,
				EC5343BD22DD70D00085A939 /* ViewController.swift in Sources */,
				EC5343BB22DD70D00085A939 /* AppDelegate.swift in Sources */,
			);
			runOnlyForDeploymentPostprocessing = 0;
		};
		EC5343C722DD70D20085A939 /* Sources */ = {
			isa = PBXSourcesBuildPhase;
			buildActionMask = 2147483647;
			files = (
				EC5343D022DD70D20085A939 /* LightTests.swift in Sources */,
			);
			runOnlyForDeploymentPostprocessing = 0;
		};
		EC5343D222DD70D20085A939 /* Sources */ = {
			isa = PBXSourcesBuildPhase;
			buildActionMask = 2147483647;
			files = (
				EC5343DB22DD70D20085A939 /* LightUITests.swift in Sources */,
			);
			runOnlyForDeploymentPostprocessing = 0;
		};
/* End PBXSourcesBuildPhase section */

/* Begin PBXTargetDependency section */
		EC5343CD22DD70D20085A939 /* PBXTargetDependency */ = {
			isa = PBXTargetDependency;
			target = EC5343B622DD70D00085A939 /* Light */;
			targetProxy = EC5343CC22DD70D20085A939 /* PBXContainerItemProxy */;
		};
		EC5343D822DD70D20085A939 /* PBXTargetDependency */ = {
			isa = PBXTargetDependency;
			target = EC5343B622DD70D00085A939 /* Light */;
			targetProxy = EC5343D722DD70D20085A939 /* PBXContainerItemProxy */;
		};
/* End PBXTargetDependency section */

/* Begin PBXVariantGroup section */
		EC5343BE22DD70D00085A939 /* Main.storyboard */ = {
			isa = PBXVariantGroup;
			children = (
				EC5343BF22DD70D00085A939 /* Base */,
			);
			name = Main.storyboard;
			sourceTree = "<group>";
		};
		EC5343C322DD70D20085A939 /* LaunchScreen.storyboard */ = {
			isa = PBXVariantGroup;
			children = (
				EC5343C422DD70D20085A939 /* Base */,
			);
			name = LaunchScreen.storyboard;
			sourceTree = "<group>";
		};
/* End PBXVariantGroup section */

/* Begin XCBuildConfiguration section */
		EC5343DD22DD70D20085A939 /* Debug */ = {
			isa = XCBuildConfiguration;
			buildSettings = {
				ALWAYS_SEARCH_USER_PATHS = NO;
				CLANG_ANALYZER_NONNULL = YES;
				CLANG_ANALYZER_NUMBER_OBJECT_CONVERSION = YES_AGGRESSIVE;
				CLANG_CXX_LANGUAGE_STANDARD = "gnu++14";
				CLANG_CXX_LIBRARY = "libc++";
				CLANG_ENABLE_MODULES = YES;
				CLANG_ENABLE_OBJC_ARC = YES;
				CLANG_ENABLE_OBJC_WEAK = YES;
				CLANG_WARN_BLOCK_CAPTURE_AUTORELEASING = YES;
				CLANG_WARN_BOOL_CONVERSION = YES;
				CLANG_WARN_COMMA = YES;
				CLANG_WARN_CONSTANT_CONVERSION = YES;
				CLANG_WARN_DEPRECATED_OBJC_IMPLEMENTATIONS = YES;
				CLANG_WARN_DIRECT_OBJC_ISA_USAGE = YES_ERROR;
				CLANG_WARN_DOCUMENTATION_COMMENTS = YES;
				CLANG_WARN_EMPTY_BODY = YES;
				CLANG_WARN_ENUM_CONVERSION = YES;
				CLANG_WARN_INFINITE_RECURSION = YES;
				CLANG_WARN_INT_CONVERSION = YES;
				CLANG_WARN_NON_LITERAL_NULL_CONVERSION = YES;
				CLANG_WARN_OBJC_IMPLICIT_RETAIN_SELF = YES;
				CLANG_WARN_OBJC_LITERAL_CONVERSION = YES;
				CLANG_WARN_OBJC_ROOT_CLASS = YES_ERROR;
				CLANG_WARN_RANGE_LOOP_ANALYSIS = YES;
				CLANG_WARN_STRICT_PROTOTYPES = YES;
				CLANG_WARN_SUSPICIOUS_MOVE = YES;
				CLANG_WARN_UNGUARDED_AVAILABILITY = YES_AGGRESSIVE;
				CLANG_WARN_UNREACHABLE_CODE = YES;
				CLANG_WARN__DUPLICATE_METHOD_MATCH = YES;
				CODE_SIGN_IDENTITY = "iPhone Developer";
				COPY_PHASE_STRIP = NO;
				DEBUG_INFORMATION_FORMAT = dwarf;
				ENABLE_STRICT_OBJC_MSGSEND = YES;
				ENABLE_TESTABILITY = YES;
				GCC_C_LANGUAGE_STANDARD = gnu11;
				GCC_DYNAMIC_NO_PIC = NO;
				GCC_NO_COMMON_BLOCKS = YES;
				GCC_OPTIMIZATION_LEVEL = 0;
				GCC_PREPROCESSOR_DEFINITIONS = (
					"DEBUG=1",
					"$(inherited)",
				);
				GCC_WARN_64_TO_32_BIT_CONVERSION = YES;
				GCC_WARN_ABOUT_RETURN_TYPE = YES_ERROR;
				GCC_WARN_UNDECLARED_SELECTOR = YES;
				GCC_WARN_UNINITIALIZED_AUTOS = YES_AGGRESSIVE;
				GCC_WARN_UNUSED_FUNCTION = YES;
				GCC_WARN_UNUSED_VARIABLE = YES;
				IPHONEOS_DEPLOYMENT_TARGET = 12.2;
				MTL_ENABLE_DEBUG_INFO = INCLUDE_SOURCE;
				MTL_FAST_MATH = YES;
				ONLY_ACTIVE_ARCH = YES;
				SDKROOT = iphoneos;
				SWIFT_ACTIVE_COMPILATION_CONDITIONS = DEBUG;
				SWIFT_OPTIMIZATION_LEVEL = "-Onone";
			};
			name = Debug;
		};
		EC5343DE22DD70D20085A939 /* Release */ = {
			isa = XCBuildConfiguration;
			buildSettings = {
				ALWAYS_SEARCH_USER_PATHS = NO;
				CLANG_ANALYZER_NONNULL = YES;
				CLANG_ANALYZER_NUMBER_OBJECT_CONVERSION = YES_AGGRESSIVE;
				CLANG_CXX_LANGUAGE_STANDARD = "gnu++14";
				CLANG_CXX_LIBRARY = "libc++";
				CLANG_ENABLE_MODULES = YES;
				CLANG_ENABLE_OBJC_ARC = YES;
				CLANG_ENABLE_OBJC_WEAK = YES;
				CLANG_WARN_BLOCK_CAPTURE_AUTORELEASING = YES;
				CLANG_WARN_BOOL_CONVERSION = YES;
				CLANG_WARN_COMMA = YES;
				CLANG_WARN_CONSTANT_CONVERSION = YES;
				CLANG_WARN_DEPRECATED_OBJC_IMPLEMENTATIONS = YES;
				CLANG_WARN_DIRECT_OBJC_ISA_USAGE = YES_ERROR;
				CLANG_WARN_DOCUMENTATION_COMMENTS = YES;
				CLANG_WARN_EMPTY_BODY = YES;
				CLANG_WARN_ENUM_CONVERSION = YES;
				CLANG_WARN_INFINITE_RECURSION = YES;
				CLANG_WARN_INT_CONVERSION = YES;
				CLANG_WARN_NON_LITERAL_NULL_CONVERSION = YES;
				CLANG_WARN_OBJC_IMPLICIT_RETAIN_SELF = YES;
				CLANG_WARN_OBJC_LITERAL_CONVERSION = YES;
				CLANG_WARN_OBJC_ROOT_CLASS = YES_ERROR;
				CLANG_WARN_RANGE_LOOP_ANALYSIS = YES;
				CLANG_WARN_STRICT_PROTOTYPES = YES;
				CLANG_WARN_SUSPICIOUS_MOVE = YES;
				CLANG_WARN_UNGUARDED_AVAILABILITY = YES_AGGRESSIVE;
				CLANG_WARN_UNREACHABLE_CODE = YES;
				CLANG_WARN__DUPLICATE_METHOD_MATCH = YES;
				CODE_SIGN_IDENTITY = "iPhone Developer";
				COPY_PHASE_STRIP = NO;
				DEBUG_INFORMATION_FORMAT = "dwarf-with-dsym";
				ENABLE_NS_ASSERTIONS = NO;
				ENABLE_STRICT_OBJC_MSGSEND = YES;
				GCC_C_LANGUAGE_STANDARD = gnu11;
				GCC_NO_COMMON_BLOCKS = YES;
				GCC_WARN_64_TO_32_BIT_CONVERSION = YES;
				GCC_WARN_ABOUT_RETURN_TYPE = YES_ERROR;
				GCC_WARN_UNDECLARED_SELECTOR = YES;
				GCC_WARN_UNINITIALIZED_AUTOS = YES_AGGRESSIVE;
				GCC_WARN_UNUSED_FUNCTION = YES;
				GCC_WARN_UNUSED_VARIABLE = YES;
				IPHONEOS_DEPLOYMENT_TARGET = 12.2;
				MTL_ENABLE_DEBUG_INFO = NO;
				MTL_FAST_MATH = YES;
				SDKROOT = iphoneos;
				SWIFT_COMPILATION_MODE = wholemodule;
				SWIFT_OPTIMIZATION_LEVEL = "-O";
				VALIDATE_PRODUCT = YES;
			};
			name = Release;
		};
		EC5343E022DD70D20085A939 /* Debug */ = {
			isa = XCBuildConfiguration;
			buildSettings = {
				ASSETCATALOG_COMPILER_APPICON_NAME = AppIcon;
				CODE_SIGN_STYLE = Automatic;
				INFOPLIST_FILE = Light/Info.plist;
				LD_RUNPATH_SEARCH_PATHS = (
					"$(inherited)",
					"@executable_path/Frameworks",
				);
				PRODUCT_BUNDLE_IDENTIFIER = reacthead.Light;
				PRODUCT_NAME = "$(TARGET_NAME)";
				SWIFT_VERSION = 5.0;
				TARGETED_DEVICE_FAMILY = "1,2";
			};
			name = Debug;
		};
		EC5343E122DD70D20085A939 /* Release */ = {
			isa = XCBuildConfiguration;
			buildSettings = {
				ASSETCATALOG_COMPILER_APPICON_NAME = AppIcon;
				CODE_SIGN_STYLE = Automatic;
				INFOPLIST_FILE = Light/Info.plist;
				LD_RUNPATH_SEARCH_PATHS = (
					"$(inherited)",
					"@executable_path/Frameworks",
				);
				PRODUCT_BUNDLE_IDENTIFIER = reacthead.Light;
				PRODUCT_NAME = "$(TARGET_NAME)";
				SWIFT_VERSION = 5.0;
				TARGETED_DEVICE_FAMILY = "1,2";
			};
			name = Release;
		};
		EC5343E322DD70D20085A939 /* Debug */ = {
			isa = XCBuildConfiguration;
			buildSettings = {
				ALWAYS_EMBED_SWIFT_STANDARD_LIBRARIES = YES;
				BUNDLE_LOADER = "$(TEST_HOST)";
				CODE_SIGN_STYLE = Automatic;
				INFOPLIST_FILE = LightTests/Info.plist;
				LD_RUNPATH_SEARCH_PATHS = (
					"$(inherited)",
					"@executable_path/Frameworks",
					"@loader_path/Frameworks",
				);
				PRODUCT_BUNDLE_IDENTIFIER = reacthead.LightTests;
				PRODUCT_NAME = "$(TARGET_NAME)";
				SWIFT_VERSION = 5.0;
				TARGETED_DEVICE_FAMILY = "1,2";
				TEST_HOST = "$(BUILT_PRODUCTS_DIR)/Light.app/Light";
			};
			name = Debug;
		};
		EC5343E422DD70D20085A939 /* Release */ = {
			isa = XCBuildConfiguration;
			buildSettings = {
				ALWAYS_EMBED_SWIFT_STANDARD_LIBRARIES = YES;
				BUNDLE_LOADER = "$(TEST_HOST)";
				CODE_SIGN_STYLE = Automatic;
				INFOPLIST_FILE = LightTests/Info.plist;
				LD_RUNPATH_SEARCH_PATHS = (
					"$(inherited)",
					"@executable_path/Frameworks",
					"@loader_path/Frameworks",
				);
				PRODUCT_BUNDLE_IDENTIFIER = reacthead.LightTests;
				PRODUCT_NAME = "$(TARGET_NAME)";
				SWIFT_VERSION = 5.0;
				TARGETED_DEVICE_FAMILY = "1,2";
				TEST_HOST = "$(BUILT_PRODUCTS_DIR)/Light.app/Light";
			};
			name = Release;
		};
		EC5343E622DD70D20085A939 /* Debug */ = {
			isa = XCBuildConfiguration;
			buildSettings = {
				ALWAYS_EMBED_SWIFT_STANDARD_LIBRARIES = YES;
				CODE_SIGN_STYLE = Automatic;
				INFOPLIST_FILE = LightUITests/Info.plist;
				LD_RUNPATH_SEARCH_PATHS = (
					"$(inherited)",
					"@executable_path/Frameworks",
					"@loader_path/Frameworks",
				);
				PRODUCT_BUNDLE_IDENTIFIER = reacthead.LightUITests;
				PRODUCT_NAME = "$(TARGET_NAME)";
				SWIFT_VERSION = 5.0;
				TARGETED_DEVICE_FAMILY = "1,2";
				TEST_TARGET_NAME = Light;
			};
			name = Debug;
		};
		EC5343E722DD70D20085A939 /* Release */ = {
			isa = XCBuildConfiguration;
			buildSettings = {
				ALWAYS_EMBED_SWIFT_STANDARD_LIBRARIES = YES;
				CODE_SIGN_STYLE = Automatic;
				INFOPLIST_FILE = LightUITests/Info.plist;
				LD_RUNPATH_SEARCH_PATHS = (
					"$(inherited)",
					"@executable_path/Frameworks",
					"@loader_path/Frameworks",
				);
				PRODUCT_BUNDLE_IDENTIFIER = reacthead.LightUITests;
				PRODUCT_NAME = "$(TARGET_NAME)";
				SWIFT_VERSION = 5.0;
				TARGETED_DEVICE_FAMILY = "1,2";
				TEST_TARGET_NAME = Light;
			};
			name = Release;
		};
/* End XCBuildConfiguration section */

/* Begin XCConfigurationList section */
		EC5343B222DD70D00085A939 /* Build configuration list for PBXProject "Light" */ = {
			isa = XCConfigurationList;
			buildConfigurations = (
				EC5343DD22DD70D20085A939 /* Debug */,
				EC5343DE22DD70D20085A939 /* Release */,
			);
			defaultConfigurationIsVisible = 0;
			defaultConfigurationName = Release;
		};
		EC5343DF22DD70D20085A939 /* Build configuration list for PBXNativeTarget "Light" */ = {
			isa = XCConfigurationList;
			buildConfigurations = (
				EC5343E022DD70D20085A939 /* Debug */,
				EC5343E122DD70D20085A939 /* Release */,
			);
			defaultConfigurationIsVisible = 0;
			defaultConfigurationName = Release;
		};
		EC5343E222DD70D20085A939 /* Build configuration list for PBXNativeTarget "LightTests" */ = {
			isa = XCConfigurationList;
			buildConfigurations = (
				EC5343E322DD70D20085A939 /* Debug */,
				EC5343E422DD70D20085A939 /* Release */,
			);
			defaultConfigurationIsVisible = 0;
			defaultConfigurationName = Release;
		};
		EC5343E522DD70D20085A939 /* Build configuration list for PBXNativeTarget "LightUITests" */ = {
			isa = XCConfigurationList;
			buildConfigurations = (
				EC5343E622DD70D20085A939 /* Debug */,
				EC5343E722DD70D20085A939 /* Release */,
			);
			defaultConfigurationIsVisible = 0;
			defaultConfigurationName = Release;
		};
/* End XCConfigurationList section */
	};
	rootObject = EC5343AF22DD70D00085A939 /* Project object */;
}
